
Microsoft Visual Studio Solution File, Format Version 12.00
# Visual Studio 2013
VisualStudioVersion = 12.0.30501.0
MinimumVisualStudioVersion = 10.0.40219.1
Project("{FAE04EC0-301F-11D3-BF4B-00C04F79EFBC}") = "Hugo", "Hugo\Hugo.csproj", "{20084E17-0ED6-40DF-9BB9-81BB03F91E3E}"
EndProject
Project("{2150E333-8FDC-42A3-9474-1A3956D46DE8}") = "Quizes", "Quizes", "{A9BCF693-4A7F-4240-8889-9B703EBBB366}"
EndProject
Global
	GlobalSection(SolutionConfigurationPlatforms) = preSolution
		Debug|Any CPU = Debug|Any CPU
		Release|Any CPU = Release|Any CPU
	EndGlobalSection
	GlobalSection(ProjectConfigurationPlatforms) = postSolution
		{20084E17-0ED6-40DF-9BB9-81BB03F91E3E}.Debug|Any CPU.ActiveCfg = Debug|Any CPU
		{20084E17-0ED6-40DF-9BB9-81BB03F91E3E}.Debug|Any CPU.Build.0 = Debug|Any CPU
		{20084E17-0ED6-40DF-9BB9-81BB03F91E3E}.Release|Any CPU.ActiveCfg = Release|Any CPU
		{20084E17-0ED6-40DF-9BB9-81BB03F91E3E}.Release|Any CPU.Build.0 = Release|Any CPU
	EndGlobalSection
	GlobalSection(SolutionProperties) = preSolution
		HideSolutionNode = FALSE
	EndGlobalSection
EndGlobal
